
Microsoft Visual Studio Solution File, Format Version 12.00
# Visual Studio 15
VisualStudioVersion = 15.0.27703.2018
MinimumVisualStudioVersion = 10.0.40219.1
Project("{262852C6-CD72-467D-83FE-5EEB1973A190}") = "cordovaapptest", "cordovaapptest\cordovaapptest.jsproj", "{274EAFA3-F68C-48ED-8DC4-B49A49FE5B3C}"
EndProject
Global
	GlobalSection(SolutionConfigurationPlatforms) = preSolution
		Debug|Android = Debug|Android
		Debug|iOS = Debug|iOS
		Debug|Windows-ARM = Debug|Windows-ARM
		Debug|Windows-x64 = Debug|Windows-x64
		Debug|Windows-x86 = Debug|Windows-x86
		Release|Android = Release|Android
		Release|iOS = Release|iOS
		Release|Windows-ARM = Release|Windows-ARM
		Release|Windows-x64 = Release|Windows-x64
		Release|Windows-x86 = Release|Windows-x86
	EndGlobalSection
	GlobalSection(ProjectConfigurationPlatforms) = postSolution
		{274EAFA3-F68C-48ED-8DC4-B49A49FE5B3C}.Debug|Android.ActiveCfg = Debug|Android
		{274EAFA3-F68C-48ED-8DC4-B49A49FE5B3C}.Debug|Android.Build.0 = Debug|Android
		{274EAFA3-F68C-48ED-8DC4-B49A49FE5B3C}.Debug|Android.Deploy.0 = Debug|Android
		{274EAFA3-F68C-48ED-8DC4-B49A49FE5B3C}.Debug|iOS.ActiveCfg = Debug|iOS
		{274EAFA3-F68C-48ED-8DC4-B49A49FE5B3C}.Debug|iOS.Build.0 = Debug|iOS
		{274EAFA3-F68C-48ED-8DC4-B49A49FE5B3C}.Debug|iOS.Deploy.0 = Debug|iOS
		{274EAFA3-F68C-48ED-8DC4-B49A49FE5B3C}.Debug|Windows-ARM.ActiveCfg = Debug|Windows-ARM
		{274EAFA3-F68C-48ED-8DC4-B49A49FE5B3C}.Debug|Windows-ARM.Build.0 = Debug|Windows-ARM
		{274EAFA3-F68C-48ED-8DC4-B49A49FE5B3C}.Debug|Windows-ARM.Deploy.0 = Debug|Windows-ARM
		{274EAFA3-F68C-48ED-8DC4-B49A49FE5B3C}.Debug|Windows-x64.ActiveCfg = Debug|Windows-x64
		{274EAFA3-F68C-48ED-8DC4-B49A49FE5B3C}.Debug|Windows-x64.Build.0 = Debug|Windows-x64
		{274EAFA3-F68C-48ED-8DC4-B49A49FE5B3C}.Debug|Windows-x64.Deploy.0 = Debug|Windows-x64
		{274EAFA3-F68C-48ED-8DC4-B49A49FE5B3C}.Debug|Windows-x86.ActiveCfg = Debug|Windows-x86
		{274EAFA3-F68C-48ED-8DC4-B49A49FE5B3C}.Debug|Windows-x86.Build.0 = Debug|Windows-x86
		{274EAFA3-F68C-48ED-8DC4-B49A49FE5B3C}.Debug|Windows-x86.Deploy.0 = Debug|Windows-x86
		{274EAFA3-F68C-48ED-8DC4-B49A49FE5B3C}.Release|Android.ActiveCfg = Release|Android
		{274EAFA3-F68C-48ED-8DC4-B49A49FE5B3C}.Release|Android.Build.0 = Release|Android
		{274EAFA3-F68C-48ED-8DC4-B49A49FE5B3C}.Release|Android.Deploy.0 = Release|Android
		{274EAFA3-F68C-48ED-8DC4-B49A49FE5B3C}.Release|iOS.ActiveCfg = Release|iOS
		{274EAFA3-F68C-48ED-8DC4-B49A49FE5B3C}.Release|iOS.Build.0 = Release|iOS
		{274EAFA3-F68C-48ED-8DC4-B49A49FE5B3C}.Release|iOS.Deploy.0 = Release|iOS
		{274EAFA3-F68C-48ED-8DC4-B49A49FE5B3C}.Release|Windows-ARM.ActiveCfg = Release|Windows-ARM
		{274EAFA3-F68C-48ED-8DC4-B49A49FE5B3C}.Release|Windows-ARM.Build.0 = Release|Windows-ARM
		{274EAFA3-F68C-48ED-8DC4-B49A49FE5B3C}.Release|Windows-ARM.Deploy.0 = Release|Windows-ARM
		{274EAFA3-F68C-48ED-8DC4-B49A49FE5B3C}.Release|Windows-x64.ActiveCfg = Release|Windows-x64
		{274EAFA3-F68C-48ED-8DC4-B49A49FE5B3C}.Release|Windows-x64.Build.0 = Release|Windows-x64
		{274EAFA3-F68C-48ED-8DC4-B49A49FE5B3C}.Release|Windows-x64.Deploy.0 = Release|Windows-x64
		{274EAFA3-F68C-48ED-8DC4-B49A49FE5B3C}.Release|Windows-x86.ActiveCfg = Release|Windows-x86
		{274EAFA3-F68C-48ED-8DC4-B49A49FE5B3C}.Release|Windows-x86.Build.0 = Release|Windows-x86
		{274EAFA3-F68C-48ED-8DC4-B49A49FE5B3C}.Release|Windows-x86.Deploy.0 = Release|Windows-x86
	EndGlobalSection
	GlobalSection(SolutionProperties) = preSolution
		HideSolutionNode = FALSE
	EndGlobalSection
	GlobalSection(ExtensibilityGlobals) = postSolution
		SolutionGuid = {95C48396-1635-4B91-9A2A-4AE58CB8728A}
	EndGlobalSection
EndGlobal
